
Microsoft Visual Studio Solution File, Format Version 12.00
# Visual Studio Version 17
VisualStudioVersion = 17.11.35327.3
MinimumVisualStudioVersion = 10.0.40219.1
Project("{FAE04EC0-301F-11D3-BF4B-00C04F79EFBC}") = "Weather application", "Weather application\Weather application.csproj", "{6F44F218-0473-4E15-9D2C-6A1ECA229E7A}"
EndProject
Global
	GlobalSection(SolutionConfigurationPlatforms) = preSolution
		Debug|Any CPU = Debug|Any CPU
		Release|Any CPU = Release|Any CPU
	EndGlobalSection
	GlobalSection(ProjectConfigurationPlatforms) = postSolution
		{6F44F218-0473-4E15-9D2C-6A1ECA229E7A}.Debug|Any CPU.ActiveCfg = Debug|Any CPU
		{6F44F218-0473-4E15-9D2C-6A1ECA229E7A}.Debug|Any CPU.Build.0 = Debug|Any CPU
		{6F44F218-0473-4E15-9D2C-6A1ECA229E7A}.Release|Any CPU.ActiveCfg = Release|Any CPU
		{6F44F218-0473-4E15-9D2C-6A1ECA229E7A}.Release|Any CPU.Build.0 = Release|Any CPU
	EndGlobalSection
	GlobalSection(SolutionProperties) = preSolution
		HideSolutionNode = FALSE
	EndGlobalSection
	GlobalSection(ExtensibilityGlobals) = postSolution
		SolutionGuid = {2C67F469-B06E-4007-91A5-77A5555BF3EE}
	EndGlobalSection
EndGlobal
